// !$*UTF8*$!
{
	archiveVersion = 1;
	classes = {
	};
	objectVersion = 56;
	objects = {

/* Begin PBXBuildFile section */
		9DE9DC3F2E323FEA00B4F27E /* AppDelegate.swift in Sources */ = {isa = PBXBuildFile; fileRef = 9DE9DC3E2E323FEA00B4F27E /* AppDelegate.swift */; };
		9DE9DC412E323FEA00B4F27E /* SceneDelegate.swift in Sources */ = {isa = PBXBuildFile; fileRef = 9DE9DC402E323FEA00B4F27E /* SceneDelegate.swift */; };
		9DE9DC432E323FEA00B4F27E /* ViewController.swift in Sources */ = {isa = PBXBuildFile; fileRef = 9DE9DC422E323FEA00B4F27E /* ViewController.swift */; };
		9DE9DC462E323FEA00B4F27E /* Main.storyboard in Resources */ = {isa = PBXBuildFile; fileRef = 9DE9DC442E323FEA00B4F27E /* Main.storyboard */; };
		9DE9DC482E323FEF00B4F27E /* Assets.xcassets in Resources */ = {isa = PBXBuildFile; fileRef = 9DE9DC472E323FEF00B4F27E /* Assets.xcassets */; };
		9DE9DC4B2E323FEF00B4F27E /* LaunchScreen.storyboard in Resources */ = {isa = PBXBuildFile; fileRef = 9DE9DC492E323FEF00B4F27E /* LaunchScreen.storyboard */; };
		9DE9DC562E323FEF00B4F27E /* CalculatorTests.swift in Sources */ = {isa = PBXBuildFile; fileRef = 9DE9DC552E323FEF00B4F27E /* CalculatorTests.swift */; };
		9DE9DC602E323FEF00B4F27E /* CalculatorUITests.swift in Sources */ = {isa = PBXBuildFile; fileRef = 9DE9DC5F2E323FEF00B4F27E /* CalculatorUITests.swift */; };
		9DE9DC622E323FEF00B4F27E /* CalculatorUITestsLaunchTests.swift in Sources */ = {isa = PBXBuildFile; fileRef = 9DE9DC612E323FEF00B4F27E /* CalculatorUITestsLaunchTests.swift */; };
/* End PBXBuildFile section */

/* Begin PBXContainerItemProxy section */
		9DE9DC522E323FEF00B4F27E /* PBXContainerItemProxy */ = {
			isa = PBXContainerItemProxy;
			containerPortal = 9DE9DC332E323FEA00B4F27E /* Project object */;
			proxyType = 1;
			remoteGlobalIDString = 9DE9DC3A2E323FEA00B4F27E;
			remoteInfo = Calculator;
		};
		9DE9DC5C2E323FEF00B4F27E /* PBXContainerItemProxy */ = {
			isa = PBXContainerItemProxy;
			containerPortal = 9DE9DC332E323FEA00B4F27E /* Project object */;
			proxyType = 1;
			remoteGlobalIDString = 9DE9DC3A2E323FEA00B4F27E;
			remoteInfo = Calculator;
		};
/* End PBXContainerItemProxy section */

/* Begin PBXFileReference section */
		9DE9DC3B2E323FEA00B4F27E /* Calculator.app */ = {isa = PBXFileReference; explicitFileType = wrapper.application; includeInIndex = 0; path = Calculator.app; sourceTree = BUILT_PRODUCTS_DIR; };
		9DE9DC3E2E323FEA00B4F27E /* AppDelegate.swift */ = {isa = PBXFileReference; lastKnownFileType = sourcecode.swift; path = AppDelegate.swift; sourceTree = "<group>"; };
		9DE9DC402E323FEA00B4F27E /* SceneDelegate.swift */ = {isa = PBXFileReference; lastKnownFileType = sourcecode.swift; path = SceneDelegate.swift; sourceTree = "<group>"; };
		9DE9DC422E323FEA00B4F27E /* ViewController.swift */ = {isa = PBXFileReference; lastKnownFileType = sourcecode.swift; path = ViewController.swift; sourceTree = "<group>"; };
		9DE9DC452E323FEA00B4F27E /* Base */ = {isa = PBXFileReference; lastKnownFileType = file.storyboard; name = Base; path = Base.lproj/Main.storyboard; sourceTree = "<group>"; };
		9DE9DC472E323FEF00B4F27E /* Assets.xcassets */ = {isa = PBXFileReference; lastKnownFileType = folder.assetcatalog; path = Assets.xcassets; sourceTree = "<group>"; };
		9DE9DC4A2E323FEF00B4F27E /* Base */ = {isa = PBXFileReference; lastKnownFileType = file.storyboard; name = Base; path = Base.lproj/LaunchScreen.storyboard; sourceTree = "<group>"; };
		9DE9DC4C2E323FEF00B4F27E /* Info.plist */ = {isa = PBXFileReference; lastKnownFileType = text.plist.xml; path = Info.plist; sourceTree = "<group>"; };
		9DE9DC512E323FEF00B4F27E /* CalculatorTests.xctest */ = {isa = PBXFileReference; explicitFileType = wrapper.cfbundle; includeInIndex = 0; path = CalculatorTests.xctest; sourceTree = BUILT_PRODUCTS_DIR; };
		9DE9DC552E323FEF00B4F27E /* CalculatorTests.swift */ = {isa = PBXFileReference; lastKnownFileType = sourcecode.swift; path = CalculatorTests.swift; sourceTree = "<group>"; };
		9DE9DC5B2E323FEF00B4F27E /* CalculatorUITests.xctest */ = {isa = PBXFileReference; explicitFileType = wrapper.cfbundle; includeInIndex = 0; path = CalculatorUITests.xctest; sourceTree = BUILT_PRODUCTS_DIR; };
		9DE9DC5F2E323FEF00B4F27E /* CalculatorUITests.swift */ = {isa = PBXFileReference; lastKnownFileType = sourcecode.swift; path = CalculatorUITests.swift; sourceTree = "<group>"; };
		9DE9DC612E323FEF00B4F27E /* CalculatorUITestsLaunchTests.swift */ = {isa = PBXFileReference; lastKnownFileType = sourcecode.swift; path = CalculatorUITestsLaunchTests.swift; sourceTree = "<group>"; };
/* End PBXFileReference section */

/* Begin PBXFrameworksBuildPhase section */
		9DE9DC382E323FEA00B4F27E /* Frameworks */ = {
			isa = PBXFrameworksBuildPhase;
			buildActionMask = 2147483647;
			files = (
			);
			runOnlyForDeploymentPostprocessing = 0;
		};
		9DE9DC4E2E323FEF00B4F27E /* Frameworks */ = {
			isa = PBXFrameworksBuildPhase;
			buildActionMask = 2147483647;
			files = (
			);
			runOnlyForDeploymentPostprocessing = 0;
		};
		9DE9DC582E323FEF00B4F27E /* Frameworks */ = {
			isa = PBXFrameworksBuildPhase;
			buildActionMask = 2147483647;
			files = (
			);
			runOnlyForDeploymentPostprocessing = 0;
		};
/* End PBXFrameworksBuildPhase section */

/* Begin PBXGroup section */
		9DE9DC322E323FEA00B4F27E = {
			isa = PBXGroup;
			children = (
				9DE9DC3D2E323FEA00B4F27E /* Calculator */,
				9DE9DC542E323FEF00B4F27E /* CalculatorTests */,
				9DE9DC5E2E323FEF00B4F27E /* CalculatorUITests */,
				9DE9DC3C2E323FEA00B4F27E /* Products */,
			);
			sourceTree = "<group>";
		};
		9DE9DC3C2E323FEA00B4F27E /* Products */ = {
			isa = PBXGroup;
			children = (
				9DE9DC3B2E323FEA00B4F27E /* Calculator.app */,
				9DE9DC512E323FEF00B4F27E /* CalculatorTests.xctest */,
				9DE9DC5B2E323FEF00B4F27E /* CalculatorUITests.xctest */,
			);
			name = Products;
			sourceTree = "<group>";
		};
		9DE9DC3D2E323FEA00B4F27E /* Calculator */ = {
			isa = PBXGroup;
			children = (
				9DE9DC3E2E323FEA00B4F27E /* AppDelegate.swift */,
				9DE9DC402E323FEA00B4F27E /* SceneDelegate.swift */,
				9DE9DC422E323FEA00B4F27E /* ViewController.swift */,
				9DE9DC442E323FEA00B4F27E /* Main.storyboard */,
				9DE9DC472E323FEF00B4F27E /* Assets.xcassets */,
				9DE9DC492E323FEF00B4F27E /* LaunchScreen.storyboard */,
				9DE9DC4C2E323FEF00B4F27E /* Info.plist */,
			);
			path = Calculator;
			sourceTree = "<group>";
		};
		9DE9DC542E323FEF00B4F27E /* CalculatorTests */ = {
			isa = PBXGroup;
			children = (
				9DE9DC552E323FEF00B4F27E /* CalculatorTests.swift */,
			);
			path = CalculatorTests;
			sourceTree = "<group>";
		};
		9DE9DC5E2E323FEF00B4F27E /* CalculatorUITests */ = {
			isa = PBXGroup;
			children = (
				9DE9DC5F2E323FEF00B4F27E /* CalculatorUITests.swift */,
				9DE9DC612E323FEF00B4F27E /* CalculatorUITestsLaunchTests.swift */,
			);
			path = CalculatorUITests;
			sourceTree = "<group>";
		};
/* End PBXGroup section */

/* Begin PBXNativeTarget section */
		9DE9DC3A2E323FEA00B4F27E /* Calculator */ = {
			isa = PBXNativeTarget;
			buildConfigurationList = 9DE9DC652E323FEF00B4F27E /* Build configuration list for PBXNativeTarget "Calculator" */;
			buildPhases = (
				9DE9DC372E323FEA00B4F27E /* Sources */,
				9DE9DC382E323FEA00B4F27E /* Frameworks */,
				9DE9DC392E323FEA00B4F27E /* Resources */,
			);
			buildRules = (
			);
			dependencies = (
			);
			name = Calculator;
			productName = Calculator;
			productReference = 9DE9DC3B2E323FEA00B4F27E /* Calculator.app */;
			productType = "com.apple.product-type.application";
		};
		9DE9DC502E323FEF00B4F27E /* CalculatorTests */ = {
			isa = PBXNativeTarget;
			buildConfigurationList = 9DE9DC682E323FEF00B4F27E /* Build configuration list for PBXNativeTarget "CalculatorTests" */;
			buildPhases = (
				9DE9DC4D2E323FEF00B4F27E /* Sources */,
				9DE9DC4E2E323FEF00B4F27E /* Frameworks */,
				9DE9DC4F2E323FEF00B4F27E /* Resources */,
			);
			buildRules = (
			);
			dependencies = (
				9DE9DC532E323FEF00B4F27E /* PBXTargetDependency */,
			);
			name = CalculatorTests;
			productName = CalculatorTests;
			productReference = 9DE9DC512E323FEF00B4F27E /* CalculatorTests.xctest */;
			productType = "com.apple.product-type.bundle.unit-test";
		};
		9DE9DC5A2E323FEF00B4F27E /* CalculatorUITests */ = {
			isa = PBXNativeTarget;
			buildConfigurationList = 9DE9DC6B2E323FEF00B4F27E /* Build configuration list for PBXNativeTarget "CalculatorUITests" */;
			buildPhases = (
				9DE9DC572E323FEF00B4F27E /* Sources */,
				9DE9DC582E323FEF00B4F27E /* Frameworks */,
				9DE9DC592E323FEF00B4F27E /* Resources */,
			);
			buildRules = (
			);
			dependencies = (
				9DE9DC5D2E323FEF00B4F27E /* PBXTargetDependency */,
			);
			name = CalculatorUITests;
			productName = CalculatorUITests;
			productReference = 9DE9DC5B2E323FEF00B4F27E /* CalculatorUITests.xctest */;
			productType = "com.apple.product-type.bundle.ui-testing";
		};
/* End PBXNativeTarget section */

/* Begin PBXProject section */
		9DE9DC332E323FEA00B4F27E /* Project object */ = {
			isa = PBXProject;
			attributes = {
				BuildIndependentTargetsInParallel = 1;
				LastSwiftUpdateCheck = 1420;
				LastUpgradeCheck = 1420;
				TargetAttributes = {
					9DE9DC3A2E323FEA00B4F27E = {
						CreatedOnToolsVersion = 14.2;
					};
					9DE9DC502E323FEF00B4F27E = {
						CreatedOnToolsVersion = 14.2;
						TestTargetID = 9DE9DC3A2E323FEA00B4F27E;
					};
					9DE9DC5A2E323FEF00B4F27E = {
						CreatedOnToolsVersion = 14.2;
						TestTargetID = 9DE9DC3A2E323FEA00B4F27E;
					};
				};
			};
			buildConfigurationList = 9DE9DC362E323FEA00B4F27E /* Build configuration list for PBXProject "Calculator" */;
			compatibilityVersion = "Xcode 14.0";
			developmentRegion = en;
			hasScannedForEncodings = 0;
			knownRegions = (
				en,
				Base,
			);
			mainGroup = 9DE9DC322E323FEA00B4F27E;
			productRefGroup = 9DE9DC3C2E323FEA00B4F27E /* Products */;
			projectDirPath = "";
			projectRoot = "";
			targets = (
				9DE9DC3A2E323FEA00B4F27E /* Calculator */,
				9DE9DC502E323FEF00B4F27E /* CalculatorTests */,
				9DE9DC5A2E323FEF00B4F27E /* CalculatorUITests */,
			);
		};
/* End PBXProject section */

/* Begin PBXResourcesBuildPhase section */
		9DE9DC392E323FEA00B4F27E /* Resources */ = {
			isa = PBXResourcesBuildPhase;
			buildActionMask = 2147483647;
			files = (
				9DE9DC4B2E323FEF00B4F27E /* LaunchScreen.storyboard in Resources */,
				9DE9DC482E323FEF00B4F27E /* Assets.xcassets in Resources */,
				9DE9DC462E323FEA00B4F27E /* Main.storyboard in Resources */,
			);
			runOnlyForDeploymentPostprocessing = 0;
		};
		9DE9DC4F2E323FEF00B4F27E /* Resources */ = {
			isa = PBXResourcesBuildPhase;
			buildActionMask = 2147483647;
			files = (
			);
			runOnlyForDeploymentPostprocessing = 0;
		};
		9DE9DC592E323FEF00B4F27E /* Resources */ = {
			isa = PBXResourcesBuildPhase;
			buildActionMask = 2147483647;
			files = (
			);
			runOnlyForDeploymentPostprocessing = 0;
		};
/* End PBXResourcesBuildPhase section */

/* Begin PBXSourcesBuildPhase section */
		9DE9DC372E323FEA00B4F27E /* Sources */ = {
			isa = PBXSourcesBuildPhase;
			buildActionMask = 2147483647;
			files = (
				9DE9DC432E323FEA00B4F27E /* ViewController.swift in Sources */,
				9DE9DC3F2E323FEA00B4F27E /* AppDelegate.swift in Sources */,
				9DE9DC412E323FEA00B4F27E /* SceneDelegate.swift in Sources */,
			);
			runOnlyForDeploymentPostprocessing = 0;
		};
		9DE9DC4D2E323FEF00B4F27E /* Sources */ = {
			isa = PBXSourcesBuildPhase;
			buildActionMask = 2147483647;
			files = (
				9DE9DC562E323FEF00B4F27E /* CalculatorTests.swift in Sources */,
			);
			runOnlyForDeploymentPostprocessing = 0;
		};
		9DE9DC572E323FEF00B4F27E /* Sources */ = {
			isa = PBXSourcesBuildPhase;
			buildActionMask = 2147483647;
			files = (
				9DE9DC622E323FEF00B4F27E /* CalculatorUITestsLaunchTests.swift in Sources */,
				9DE9DC602E323FEF00B4F27E /* CalculatorUITests.swift in Sources */,
			);
			runOnlyForDeploymentPostprocessing = 0;
		};
/* End PBXSourcesBuildPhase section */

/* Begin PBXTargetDependency section */
		9DE9DC532E323FEF00B4F27E /* PBXTargetDependency */ = {
			isa = PBXTargetDependency;
			target = 9DE9DC3A2E323FEA00B4F27E /* Calculator */;
			targetProxy = 9DE9DC522E323FEF00B4F27E /* PBXContainerItemProxy */;
		};
		9DE9DC5D2E323FEF00B4F27E /* PBXTargetDependency */ = {
			isa = PBXTargetDependency;
			target = 9DE9DC3A2E323FEA00B4F27E /* Calculator */;
			targetProxy = 9DE9DC5C2E323FEF00B4F27E /* PBXContainerItemProxy */;
		};
/* End PBXTargetDependency section */

/* Begin PBXVariantGroup section */
		9DE9DC442E323FEA00B4F27E /* Main.storyboard */ = {
			isa = PBXVariantGroup;
			children = (
				9DE9DC452E323FEA00B4F27E /* Base */,
			);
			name = Main.storyboard;
			sourceTree = "<group>";
		};
		9DE9DC492E323FEF00B4F27E /* LaunchScreen.storyboard */ = {
			isa = PBXVariantGroup;
			children = (
				9DE9DC4A2E323FEF00B4F27E /* Base */,
			);
			name = LaunchScreen.storyboard;
			sourceTree = "<group>";
		};
/* End PBXVariantGroup section */

/* Begin XCBuildConfiguration section */
		9DE9DC632E323FEF00B4F27E /* Debug */ = {
			isa = XCBuildConfiguration;
			buildSettings = {
				ALWAYS_SEARCH_USER_PATHS = NO;
				CLANG_ANALYZER_NONNULL = YES;
				CLANG_ANALYZER_NUMBER_OBJECT_CONVERSION = YES_AGGRESSIVE;
				CLANG_CXX_LANGUAGE_STANDARD = "gnu++20";
				CLANG_ENABLE_MODULES = YES;
				CLANG_ENABLE_OBJC_ARC = YES;
				CLANG_ENABLE_OBJC_WEAK = YES;
				CLANG_WARN_BLOCK_CAPTURE_AUTORELEASING = YES;
				CLANG_WARN_BOOL_CONVERSION = YES;
				CLANG_WARN_COMMA = YES;
				CLANG_WARN_CONSTANT_CONVERSION = YES;
				CLANG_WARN_DEPRECATED_OBJC_IMPLEMENTATIONS = YES;
				CLANG_WARN_DIRECT_OBJC_ISA_USAGE = YES_ERROR;
				CLANG_WARN_DOCUMENTATION_COMMENTS = YES;
				CLANG_WARN_EMPTY_BODY = YES;
				CLANG_WARN_ENUM_CONVERSION = YES;
				CLANG_WARN_INFINITE_RECURSION = YES;
				CLANG_WARN_INT_CONVERSION = YES;
				CLANG_WARN_NON_LITERAL_NULL_CONVERSION = YES;
				CLANG_WARN_OBJC_IMPLICIT_RETAIN_SELF = YES;
				CLANG_WARN_OBJC_LITERAL_CONVERSION = YES;
				CLANG_WARN_OBJC_ROOT_CLASS = YES_ERROR;
				CLANG_WARN_QUOTED_INCLUDE_IN_FRAMEWORK_HEADER = YES;
				CLANG_WARN_RANGE_LOOP_ANALYSIS = YES;
				CLANG_WARN_STRICT_PROTOTYPES = YES;
				CLANG_WARN_SUSPICIOUS_MOVE = YES;
				CLANG_WARN_UNGUARDED_AVAILABILITY = YES_AGGRESSIVE;
				CLANG_WARN_UNREACHABLE_CODE = YES;
				CLANG_WARN__DUPLICATE_METHOD_MATCH = YES;
				COPY_PHASE_STRIP = NO;
				DEBUG_INFORMATION_FORMAT = dwarf;
				ENABLE_STRICT_OBJC_MSGSEND = YES;
				ENABLE_TESTABILITY = YES;
				GCC_C_LANGUAGE_STANDARD = gnu11;
				GCC_DYNAMIC_NO_PIC = NO;
				GCC_NO_COMMON_BLOCKS = YES;
				GCC_OPTIMIZATION_LEVEL = 0;
				GCC_PREPROCESSOR_DEFINITIONS = (
					"DEBUG=1",
					"$(inherited)",
				);
				GCC_WARN_64_TO_32_BIT_CONVERSION = YES;
				GCC_WARN_ABOUT_RETURN_TYPE = YES_ERROR;
				GCC_WARN_UNDECLARED_SELECTOR = YES;
				GCC_WARN_UNINITIALIZED_AUTOS = YES_AGGRESSIVE;
				GCC_WARN_UNUSED_FUNCTION = YES;
				GCC_WARN_UNUSED_VARIABLE = YES;
				IPHONEOS_DEPLOYMENT_TARGET = 16.2;
				MTL_ENABLE_DEBUG_INFO = INCLUDE_SOURCE;
				MTL_FAST_MATH = YES;
				ONLY_ACTIVE_ARCH = YES;
				SDKROOT = iphoneos;
				SWIFT_ACTIVE_COMPILATION_CONDITIONS = DEBUG;
				SWIFT_OPTIMIZATION_LEVEL = "-Onone";
			};
			name = Debug;
		};
		9DE9DC642E323FEF00B4F27E /* Release */ = {
			isa = XCBuildConfiguration;
			buildSettings = {
				ALWAYS_SEARCH_USER_PATHS = NO;
				CLANG_ANALYZER_NONNULL = YES;
				CLANG_ANALYZER_NUMBER_OBJECT_CONVERSION = YES_AGGRESSIVE;
				CLANG_CXX_LANGUAGE_STANDARD = "gnu++20";
				CLANG_ENABLE_MODULES = YES;
				CLANG_ENABLE_OBJC_ARC = YES;
				CLANG_ENABLE_OBJC_WEAK = YES;
				CLANG_WARN_BLOCK_CAPTURE_AUTORELEASING = YES;
				CLANG_WARN_BOOL_CONVERSION = YES;
				CLANG_WARN_COMMA = YES;
				CLANG_WARN_CONSTANT_CONVERSION = YES;
				CLANG_WARN_DEPRECATED_OBJC_IMPLEMENTATIONS = YES;
				CLANG_WARN_DIRECT_OBJC_ISA_USAGE = YES_ERROR;
				CLANG_WARN_DOCUMENTATION_COMMENTS = YES;
				CLANG_WARN_EMPTY_BODY = YES;
				CLANG_WARN_ENUM_CONVERSION = YES;
				CLANG_WARN_INFINITE_RECURSION = YES;
				CLANG_WARN_INT_CONVERSION = YES;
				CLANG_WARN_NON_LITERAL_NULL_CONVERSION = YES;
				CLANG_WARN_OBJC_IMPLICIT_RETAIN_SELF = YES;
				CLANG_WARN_OBJC_LITERAL_CONVERSION = YES;
				CLANG_WARN_OBJC_ROOT_CLASS = YES_ERROR;
				CLANG_WARN_QUOTED_INCLUDE_IN_FRAMEWORK_HEADER = YES;
				CLANG_WARN_RANGE_LOOP_ANALYSIS = YES;
				CLANG_WARN_STRICT_PROTOTYPES = YES;
				CLANG_WARN_SUSPICIOUS_MOVE = YES;
				CLANG_WARN_UNGUARDED_AVAILABILITY = YES_AGGRESSIVE;
				CLANG_WARN_UNREACHABLE_CODE = YES;
				CLANG_WARN__DUPLICATE_METHOD_MATCH = YES;
				COPY_PHASE_STRIP = NO;
				DEBUG_INFORMATION_FORMAT = "dwarf-with-dsym";
				ENABLE_NS_ASSERTIONS = NO;
				ENABLE_STRICT_OBJC_MSGSEND = YES;
				GCC_C_LANGUAGE_STANDARD = gnu11;
				GCC_NO_COMMON_BLOCKS = YES;
				GCC_WARN_64_TO_32_BIT_CONVERSION = YES;
				GCC_WARN_ABOUT_RETURN_TYPE = YES_ERROR;
				GCC_WARN_UNDECLARED_SELECTOR = YES;
				GCC_WARN_UNINITIALIZED_AUTOS = YES_AGGRESSIVE;
				GCC_WARN_UNUSED_FUNCTION = YES;
				GCC_WARN_UNUSED_VARIABLE = YES;
				IPHONEOS_DEPLOYMENT_TARGET = 16.2;
				MTL_ENABLE_DEBUG_INFO = NO;
				MTL_FAST_MATH = YES;
				SDKROOT = iphoneos;
				SWIFT_COMPILATION_MODE = wholemodule;
				SWIFT_OPTIMIZATION_LEVEL = "-O";
				VALIDATE_PRODUCT = YES;
			};
			name = Release;
		};
		9DE9DC662E323FEF00B4F27E /* Debug */ = {
			isa = XCBuildConfiguration;
			buildSettings = {
				ASSETCATALOG_COMPILER_APPICON_NAME = AppIcon;
				ASSETCATALOG_COMPILER_GLOBAL_ACCENT_COLOR_NAME = AccentColor;
				CODE_SIGN_STYLE = Automatic;
				CURRENT_PROJECT_VERSION = 1;
				GENERATE_INFOPLIST_FILE = YES;
				INFOPLIST_FILE = Calculator/Info.plist;
				INFOPLIST_KEY_UIApplicationSupportsIndirectInputEvents = YES;
				INFOPLIST_KEY_UILaunchStoryboardName = LaunchScreen;
				INFOPLIST_KEY_UIMainStoryboardFile = Main;
				INFOPLIST_KEY_UISupportedInterfaceOrientations_iPad = "UIInterfaceOrientationPortrait UIInterfaceOrientationPortraitUpsideDown UIInterfaceOrientationLandscapeLeft UIInterfaceOrientationLandscapeRight";
				INFOPLIST_KEY_UISupportedInterfaceOrientations_iPhone = "UIInterfaceOrientationPortrait UIInterfaceOrientationLandscapeLeft UIInterfaceOrientationLandscapeRight";
				LD_RUNPATH_SEARCH_PATHS = (
					"$(inherited)",
					"@executable_path/Frameworks",
				);
				MARKETING_VERSION = 1.0;
				PRODUCT_BUNDLE_IDENTIFIER = jspmrscoe.edu.in.Calculator;
				PRODUCT_NAME = "$(TARGET_NAME)";
				SWIFT_EMIT_LOC_STRINGS = YES;
				SWIFT_VERSION = 5.0;
				TARGETED_DEVICE_FAMILY = "1,2";
			};
			name = Debug;
		};
		9DE9DC672E323FEF00B4F27E /* Release */ = {
			isa = XCBuildConfiguration;
			buildSettings = {
				ASSETCATALOG_COMPILER_APPICON_NAME = AppIcon;
				ASSETCATALOG_COMPILER_GLOBAL_ACCENT_COLOR_NAME = AccentColor;
				CODE_SIGN_STYLE = Automatic;
				CURRENT_PROJECT_VERSION = 1;
				GENERATE_INFOPLIST_FILE = YES;
				INFOPLIST_FILE = Calculator/Info.plist;
				INFOPLIST_KEY_UIApplicationSupportsIndirectInputEvents = YES;
				INFOPLIST_KEY_UILaunchStoryboardName = LaunchScreen;
				INFOPLIST_KEY_UIMainStoryboardFile = Main;
				INFOPLIST_KEY_UISupportedInterfaceOrientations_iPad = "UIInterfaceOrientationPortrait UIInterfaceOrientationPortraitUpsideDown UIInterfaceOrientationLandscapeLeft UIInterfaceOrientationLandscapeRight";
				INFOPLIST_KEY_UISupportedInterfaceOrientations_iPhone = "UIInterfaceOrientationPortrait UIInterfaceOrientationLandscapeLeft UIInterfaceOrientationLandscapeRight";
				LD_RUNPATH_SEARCH_PATHS = (
					"$(inherited)",
					"@executable_path/Frameworks",
				);
				MARKETING_VERSION = 1.0;
				PRODUCT_BUNDLE_IDENTIFIER = jspmrscoe.edu.in.Calculator;
				PRODUCT_NAME = "$(TARGET_NAME)";
				SWIFT_EMIT_LOC_STRINGS = YES;
				SWIFT_VERSION = 5.0;
				TARGETED_DEVICE_FAMILY = "1,2";
			};
			name = Release;
		};
		9DE9DC692E323FEF00B4F27E /* Debug */ = {
			isa = XCBuildConfiguration;
			buildSettings = {
				ALWAYS_EMBED_SWIFT_STANDARD_LIBRARIES = YES;
				BUNDLE_LOADER = "$(TEST_HOST)";
				CODE_SIGN_STYLE = Automatic;
				CURRENT_PROJECT_VERSION = 1;
				GENERATE_INFOPLIST_FILE = YES;
				IPHONEOS_DEPLOYMENT_TARGET = 16.2;
				MARKETING_VERSION = 1.0;
				PRODUCT_BUNDLE_IDENTIFIER = jspmrscoe.edu.in.CalculatorTests;
				PRODUCT_NAME = "$(TARGET_NAME)";
				SWIFT_EMIT_LOC_STRINGS = NO;
				SWIFT_VERSION = 5.0;
				TARGETED_DEVICE_FAMILY = "1,2";
				TEST_HOST = "$(BUILT_PRODUCTS_DIR)/Calculator.app/$(BUNDLE_EXECUTABLE_FOLDER_PATH)/Calculator";
			};
			name = Debug;
		};
		9DE9DC6A2E323FEF00B4F27E /* Release */ = {
			isa = XCBuildConfiguration;
			buildSettings = {
				ALWAYS_EMBED_SWIFT_STANDARD_LIBRARIES = YES;
				BUNDLE_LOADER = "$(TEST_HOST)";
				CODE_SIGN_STYLE = Automatic;
				CURRENT_PROJECT_VERSION = 1;
				GENERATE_INFOPLIST_FILE = YES;
				IPHONEOS_DEPLOYMENT_TARGET = 16.2;
				MARKETING_VERSION = 1.0;
				PRODUCT_BUNDLE_IDENTIFIER = jspmrscoe.edu.in.CalculatorTests;
				PRODUCT_NAME = "$(TARGET_NAME)";
				SWIFT_EMIT_LOC_STRINGS = NO;
				SWIFT_VERSION = 5.0;
				TARGETED_DEVICE_FAMILY = "1,2";
				TEST_HOST = "$(BUILT_PRODUCTS_DIR)/Calculator.app/$(BUNDLE_EXECUTABLE_FOLDER_PATH)/Calculator";
			};
			name = Release;
		};
		9DE9DC6C2E323FEF00B4F27E /* Debug */ = {
			isa = XCBuildConfiguration;
			buildSettings = {
				ALWAYS_EMBED_SWIFT_STANDARD_LIBRARIES = YES;
				CODE_SIGN_STYLE = Automatic;
				CURRENT_PROJECT_VERSION = 1;
				GENERATE_INFOPLIST_FILE = YES;
				MARKETING_VERSION = 1.0;
				PRODUCT_BUNDLE_IDENTIFIER = jspmrscoe.edu.in.CalculatorUITests;
				PRODUCT_NAME = "$(TARGET_NAME)";
				SWIFT_EMIT_LOC_STRINGS = NO;
				SWIFT_VERSION = 5.0;
				TARGETED_DEVICE_FAMILY = "1,2";
				TEST_TARGET_NAME = Calculator;
			};
			name = Debug;
		};
		9DE9DC6D2E323FEF00B4F27E /* Release */ = {
			isa = XCBuildConfiguration;
			buildSettings = {
				ALWAYS_EMBED_SWIFT_STANDARD_LIBRARIES = YES;
				CODE_SIGN_STYLE = Automatic;
				CURRENT_PROJECT_VERSION = 1;
				GENERATE_INFOPLIST_FILE = YES;
				MARKETING_VERSION = 1.0;
				PRODUCT_BUNDLE_IDENTIFIER = jspmrscoe.edu.in.CalculatorUITests;
				PRODUCT_NAME = "$(TARGET_NAME)";
				SWIFT_EMIT_LOC_STRINGS = NO;
				SWIFT_VERSION = 5.0;
				TARGETED_DEVICE_FAMILY = "1,2";
				TEST_TARGET_NAME = Calculator;
			};
			name = Release;
		};
/* End XCBuildConfiguration section */

/* Begin XCConfigurationList section */
		9DE9DC362E323FEA00B4F27E /* Build configuration list for PBXProject "Calculator" */ = {
			isa = XCConfigurationList;
			buildConfigurations = (
				9DE9DC632E323FEF00B4F27E /* Debug */,
				9DE9DC642E323FEF00B4F27E /* Release */,
			);
			defaultConfigurationIsVisible = 0;
			defaultConfigurationName = Release;
		};
		9DE9DC652E323FEF00B4F27E /* Build configuration list for PBXNativeTarget "Calculator" */ = {
			isa = XCConfigurationList;
			buildConfigurations = (
				9DE9DC662E323FEF00B4F27E /* Debug */,
				9DE9DC672E323FEF00B4F27E /* Release */,
			);
			defaultConfigurationIsVisible = 0;
			defaultConfigurationName = Release;
		};
		9DE9DC682E323FEF00B4F27E /* Build configuration list for PBXNativeTarget "CalculatorTests" */ = {
			isa = XCConfigurationList;
			buildConfigurations = (
				9DE9DC692E323FEF00B4F27E /* Debug */,
				9DE9DC6A2E323FEF00B4F27E /* Release */,
			);
			defaultConfigurationIsVisible = 0;
			defaultConfigurationName = Release;
		};
		9DE9DC6B2E323FEF00B4F27E /* Build configuration list for PBXNativeTarget "CalculatorUITests" */ = {
			isa = XCConfigurationList;
			buildConfigurations = (
				9DE9DC6C2E323FEF00B4F27E /* Debug */,
				9DE9DC6D2E323FEF00B4F27E /* Release */,
			);
			defaultConfigurationIsVisible = 0;
			defaultConfigurationName = Release;
		};
/* End XCConfigurationList section */
	};
	rootObject = 9DE9DC332E323FEA00B4F27E /* Project object */;
}
