// !$*UTF8*$!
{
	archiveVersion = 1;
	classes = {
	};
	objectVersion = 56;
	objects = {

/* Begin PBXBuildFile section */
		9D5A14742D9D06D500B0356C /* AppDelegate.swift in Sources */ = {isa = PBXBuildFile; fileRef = 9D5A14732D9D06D500B0356C /* AppDelegate.swift */; };
		9D5A14762D9D06D500B0356C /* SceneDelegate.swift in Sources */ = {isa = PBXBuildFile; fileRef = 9D5A14752D9D06D500B0356C /* SceneDelegate.swift */; };
		9D5A14782D9D06D500B0356C /* ViewController.swift in Sources */ = {isa = PBXBuildFile; fileRef = 9D5A14772D9D06D500B0356C /* ViewController.swift */; };
		9D5A147B2D9D06D500B0356C /* Main.storyboard in Resources */ = {isa = PBXBuildFile; fileRef = 9D5A14792D9D06D500B0356C /* Main.storyboard */; };
		9D5A147D2D9D06D700B0356C /* Assets.xcassets in Resources */ = {isa = PBXBuildFile; fileRef = 9D5A147C2D9D06D700B0356C /* Assets.xcassets */; };
		9D5A14802D9D06D700B0356C /* LaunchScreen.storyboard in Resources */ = {isa = PBXBuildFile; fileRef = 9D5A147E2D9D06D700B0356C /* LaunchScreen.storyboard */; };
		9D5A148B2D9D06D700B0356C /* Login_Form_aplicationTests.swift in Sources */ = {isa = PBXBuildFile; fileRef = 9D5A148A2D9D06D700B0356C /* Login_Form_aplicationTests.swift */; };
		9D5A14952D9D06D700B0356C /* Login_Form_aplicationUITests.swift in Sources */ = {isa = PBXBuildFile; fileRef = 9D5A14942D9D06D700B0356C /* Login_Form_aplicationUITests.swift */; };
		9D5A14972D9D06D700B0356C /* Login_Form_aplicationUITestsLaunchTests.swift in Sources */ = {isa = PBXBuildFile; fileRef = 9D5A14962D9D06D700B0356C /* Login_Form_aplicationUITestsLaunchTests.swift */; };
/* End PBXBuildFile section */

/* Begin PBXContainerItemProxy section */
		9D5A14872D9D06D700B0356C /* PBXContainerItemProxy */ = {
			isa = PBXContainerItemProxy;
			containerPortal = 9D5A14682D9D06D500B0356C /* Project object */;
			proxyType = 1;
			remoteGlobalIDString = 9D5A146F2D9D06D500B0356C;
			remoteInfo = "Login Form aplication";
		};
		9D5A14912D9D06D700B0356C /* PBXContainerItemProxy */ = {
			isa = PBXContainerItemProxy;
			containerPortal = 9D5A14682D9D06D500B0356C /* Project object */;
			proxyType = 1;
			remoteGlobalIDString = 9D5A146F2D9D06D500B0356C;
			remoteInfo = "Login Form aplication";
		};
/* End PBXContainerItemProxy section */

/* Begin PBXFileReference section */
		9D5A14702D9D06D500B0356C /* Login Form aplication.app */ = {isa = PBXFileReference; explicitFileType = wrapper.application; includeInIndex = 0; path = "Login Form aplication.app"; sourceTree = BUILT_PRODUCTS_DIR; };
		9D5A14732D9D06D500B0356C /* AppDelegate.swift */ = {isa = PBXFileReference; lastKnownFileType = sourcecode.swift; path = AppDelegate.swift; sourceTree = "<group>"; };
		9D5A14752D9D06D500B0356C /* SceneDelegate.swift */ = {isa = PBXFileReference; lastKnownFileType = sourcecode.swift; path = SceneDelegate.swift; sourceTree = "<group>"; };
		9D5A14772D9D06D500B0356C /* ViewController.swift */ = {isa = PBXFileReference; lastKnownFileType = sourcecode.swift; path = ViewController.swift; sourceTree = "<group>"; };
		9D5A147A2D9D06D500B0356C /* Base */ = {isa = PBXFileReference; lastKnownFileType = file.storyboard; name = Base; path = Base.lproj/Main.storyboard; sourceTree = "<group>"; };
		9D5A147C2D9D06D700B0356C /* Assets.xcassets */ = {isa = PBXFileReference; lastKnownFileType = folder.assetcatalog; path = Assets.xcassets; sourceTree = "<group>"; };
		9D5A147F2D9D06D700B0356C /* Base */ = {isa = PBXFileReference; lastKnownFileType = file.storyboard; name = Base; path = Base.lproj/LaunchScreen.storyboard; sourceTree = "<group>"; };
		9D5A14812D9D06D700B0356C /* Info.plist */ = {isa = PBXFileReference; lastKnownFileType = text.plist.xml; path = Info.plist; sourceTree = "<group>"; };
		9D5A14862D9D06D700B0356C /* Login Form aplicationTests.xctest */ = {isa = PBXFileReference; explicitFileType = wrapper.cfbundle; includeInIndex = 0; path = "Login Form aplicationTests.xctest"; sourceTree = BUILT_PRODUCTS_DIR; };
		9D5A148A2D9D06D700B0356C /* Login_Form_aplicationTests.swift */ = {isa = PBXFileReference; lastKnownFileType = sourcecode.swift; path = Login_Form_aplicationTests.swift; sourceTree = "<group>"; };
		9D5A14902D9D06D700B0356C /* Login Form aplicationUITests.xctest */ = {isa = PBXFileReference; explicitFileType = wrapper.cfbundle; includeInIndex = 0; path = "Login Form aplicationUITests.xctest"; sourceTree = BUILT_PRODUCTS_DIR; };
		9D5A14942D9D06D700B0356C /* Login_Form_aplicationUITests.swift */ = {isa = PBXFileReference; lastKnownFileType = sourcecode.swift; path = Login_Form_aplicationUITests.swift; sourceTree = "<group>"; };
		9D5A14962D9D06D700B0356C /* Login_Form_aplicationUITestsLaunchTests.swift */ = {isa = PBXFileReference; lastKnownFileType = sourcecode.swift; path = Login_Form_aplicationUITestsLaunchTests.swift; sourceTree = "<group>"; };
/* End PBXFileReference section */

/* Begin PBXFrameworksBuildPhase section */
		9D5A146D2D9D06D500B0356C /* Frameworks */ = {
			isa = PBXFrameworksBuildPhase;
			buildActionMask = 2147483647;
			files = (
			);
			runOnlyForDeploymentPostprocessing = 0;
		};
		9D5A14832D9D06D700B0356C /* Frameworks */ = {
			isa = PBXFrameworksBuildPhase;
			buildActionMask = 2147483647;
			files = (
			);
			runOnlyForDeploymentPostprocessing = 0;
		};
		9D5A148D2D9D06D700B0356C /* Frameworks */ = {
			isa = PBXFrameworksBuildPhase;
			buildActionMask = 2147483647;
			files = (
			);
			runOnlyForDeploymentPostprocessing = 0;
		};
/* End PBXFrameworksBuildPhase section */

/* Begin PBXGroup section */
		9D5A14672D9D06D500B0356C = {
			isa = PBXGroup;
			children = (
				9D5A14722D9D06D500B0356C /* Login Form aplication */,
				9D5A14892D9D06D700B0356C /* Login Form aplicationTests */,
				9D5A14932D9D06D700B0356C /* Login Form aplicationUITests */,
				9D5A14712D9D06D500B0356C /* Products */,
			);
			sourceTree = "<group>";
		};
		9D5A14712D9D06D500B0356C /* Products */ = {
			isa = PBXGroup;
			children = (
				9D5A14702D9D06D500B0356C /* Login Form aplication.app */,
				9D5A14862D9D06D700B0356C /* Login Form aplicationTests.xctest */,
				9D5A14902D9D06D700B0356C /* Login Form aplicationUITests.xctest */,
			);
			name = Products;
			sourceTree = "<group>";
		};
		9D5A14722D9D06D500B0356C /* Login Form aplication */ = {
			isa = PBXGroup;
			children = (
				9D5A14732D9D06D500B0356C /* AppDelegate.swift */,
				9D5A14752D9D06D500B0356C /* SceneDelegate.swift */,
				9D5A14772D9D06D500B0356C /* ViewController.swift */,
				9D5A14792D9D06D500B0356C /* Main.storyboard */,
				9D5A147C2D9D06D700B0356C /* Assets.xcassets */,
				9D5A147E2D9D06D700B0356C /* LaunchScreen.storyboard */,
				9D5A14812D9D06D700B0356C /* Info.plist */,
			);
			path = "Login Form aplication";
			sourceTree = "<group>";
		};
		9D5A14892D9D06D700B0356C /* Login Form aplicationTests */ = {
			isa = PBXGroup;
			children = (
				9D5A148A2D9D06D700B0356C /* Login_Form_aplicationTests.swift */,
			);
			path = "Login Form aplicationTests";
			sourceTree = "<group>";
		};
		9D5A14932D9D06D700B0356C /* Login Form aplicationUITests */ = {
			isa = PBXGroup;
			children = (
				9D5A14942D9D06D700B0356C /* Login_Form_aplicationUITests.swift */,
				9D5A14962D9D06D700B0356C /* Login_Form_aplicationUITestsLaunchTests.swift */,
			);
			path = "Login Form aplicationUITests";
			sourceTree = "<group>";
		};
/* End PBXGroup section */

/* Begin PBXNativeTarget section */
		9D5A146F2D9D06D500B0356C /* Login Form aplication */ = {
			isa = PBXNativeTarget;
			buildConfigurationList = 9D5A149A2D9D06D700B0356C /* Build configuration list for PBXNativeTarget "Login Form aplication" */;
			buildPhases = (
				9D5A146C2D9D06D500B0356C /* Sources */,
				9D5A146D2D9D06D500B0356C /* Frameworks */,
				9D5A146E2D9D06D500B0356C /* Resources */,
			);
			buildRules = (
			);
			dependencies = (
			);
			name = "Login Form aplication";
			productName = "Login Form aplication";
			productReference = 9D5A14702D9D06D500B0356C /* Login Form aplication.app */;
			productType = "com.apple.product-type.application";
		};
		9D5A14852D9D06D700B0356C /* Login Form aplicationTests */ = {
			isa = PBXNativeTarget;
			buildConfigurationList = 9D5A149D2D9D06D700B0356C /* Build configuration list for PBXNativeTarget "Login Form aplicationTests" */;
			buildPhases = (
				9D5A14822D9D06D700B0356C /* Sources */,
				9D5A14832D9D06D700B0356C /* Frameworks */,
				9D5A14842D9D06D700B0356C /* Resources */,
			);
			buildRules = (
			);
			dependencies = (
				9D5A14882D9D06D700B0356C /* PBXTargetDependency */,
			);
			name = "Login Form aplicationTests";
			productName = "Login Form aplicationTests";
			productReference = 9D5A14862D9D06D700B0356C /* Login Form aplicationTests.xctest */;
			productType = "com.apple.product-type.bundle.unit-test";
		};
		9D5A148F2D9D06D700B0356C /* Login Form aplicationUITests */ = {
			isa = PBXNativeTarget;
			buildConfigurationList = 9D5A14A02D9D06D700B0356C /* Build configuration list for PBXNativeTarget "Login Form aplicationUITests" */;
			buildPhases = (
				9D5A148C2D9D06D700B0356C /* Sources */,
				9D5A148D2D9D06D700B0356C /* Frameworks */,
				9D5A148E2D9D06D700B0356C /* Resources */,
			);
			buildRules = (
			);
			dependencies = (
				9D5A14922D9D06D700B0356C /* PBXTargetDependency */,
			);
			name = "Login Form aplicationUITests";
			productName = "Login Form aplicationUITests";
			productReference = 9D5A14902D9D06D700B0356C /* Login Form aplicationUITests.xctest */;
			productType = "com.apple.product-type.bundle.ui-testing";
		};
/* End PBXNativeTarget section */

/* Begin PBXProject section */
		9D5A14682D9D06D500B0356C /* Project object */ = {
			isa = PBXProject;
			attributes = {
				BuildIndependentTargetsInParallel = 1;
				LastSwiftUpdateCheck = 1420;
				LastUpgradeCheck = 1420;
				TargetAttributes = {
					9D5A146F2D9D06D500B0356C = {
						CreatedOnToolsVersion = 14.2;
					};
					9D5A14852D9D06D700B0356C = {
						CreatedOnToolsVersion = 14.2;
						TestTargetID = 9D5A146F2D9D06D500B0356C;
					};
					9D5A148F2D9D06D700B0356C = {
						CreatedOnToolsVersion = 14.2;
						TestTargetID = 9D5A146F2D9D06D500B0356C;
					};
				};
			};
			buildConfigurationList = 9D5A146B2D9D06D500B0356C /* Build configuration list for PBXProject "Login Form aplication" */;
			compatibilityVersion = "Xcode 14.0";
			developmentRegion = en;
			hasScannedForEncodings = 0;
			knownRegions = (
				en,
				Base,
			);
			mainGroup = 9D5A14672D9D06D500B0356C;
			productRefGroup = 9D5A14712D9D06D500B0356C /* Products */;
			projectDirPath = "";
			projectRoot = "";
			targets = (
				9D5A146F2D9D06D500B0356C /* Login Form aplication */,
				9D5A14852D9D06D700B0356C /* Login Form aplicationTests */,
				9D5A148F2D9D06D700B0356C /* Login Form aplicationUITests */,
			);
		};
/* End PBXProject section */

/* Begin PBXResourcesBuildPhase section */
		9D5A146E2D9D06D500B0356C /* Resources */ = {
			isa = PBXResourcesBuildPhase;
			buildActionMask = 2147483647;
			files = (
				9D5A14802D9D06D700B0356C /* LaunchScreen.storyboard in Resources */,
				9D5A147D2D9D06D700B0356C /* Assets.xcassets in Resources */,
				9D5A147B2D9D06D500B0356C /* Main.storyboard in Resources */,
			);
			runOnlyForDeploymentPostprocessing = 0;
		};
		9D5A14842D9D06D700B0356C /* Resources */ = {
			isa = PBXResourcesBuildPhase;
			buildActionMask = 2147483647;
			files = (
			);
			runOnlyForDeploymentPostprocessing = 0;
		};
		9D5A148E2D9D06D700B0356C /* Resources */ = {
			isa = PBXResourcesBuildPhase;
			buildActionMask = 2147483647;
			files = (
			);
			runOnlyForDeploymentPostprocessing = 0;
		};
/* End PBXResourcesBuildPhase section */

/* Begin PBXSourcesBuildPhase section */
		9D5A146C2D9D06D500B0356C /* Sources */ = {
			isa = PBXSourcesBuildPhase;
			buildActionMask = 2147483647;
			files = (
				9D5A14782D9D06D500B0356C /* ViewController.swift in Sources */,
				9D5A14742D9D06D500B0356C /* AppDelegate.swift in Sources */,
				9D5A14762D9D06D500B0356C /* SceneDelegate.swift in Sources */,
			);
			runOnlyForDeploymentPostprocessing = 0;
		};
		9D5A14822D9D06D700B0356C /* Sources */ = {
			isa = PBXSourcesBuildPhase;
			buildActionMask = 2147483647;
			files = (
				9D5A148B2D9D06D700B0356C /* Login_Form_aplicationTests.swift in Sources */,
			);
			runOnlyForDeploymentPostprocessing = 0;
		};
		9D5A148C2D9D06D700B0356C /* Sources */ = {
			isa = PBXSourcesBuildPhase;
			buildActionMask = 2147483647;
			files = (
				9D5A14972D9D06D700B0356C /* Login_Form_aplicationUITestsLaunchTests.swift in Sources */,
				9D5A14952D9D06D700B0356C /* Login_Form_aplicationUITests.swift in Sources */,
			);
			runOnlyForDeploymentPostprocessing = 0;
		};
/* End PBXSourcesBuildPhase section */

/* Begin PBXTargetDependency section */
		9D5A14882D9D06D700B0356C /* PBXTargetDependency */ = {
			isa = PBXTargetDependency;
			target = 9D5A146F2D9D06D500B0356C /* Login Form aplication */;
			targetProxy = 9D5A14872D9D06D700B0356C /* PBXContainerItemProxy */;
		};
		9D5A14922D9D06D700B0356C /* PBXTargetDependency */ = {
			isa = PBXTargetDependency;
			target = 9D5A146F2D9D06D500B0356C /* Login Form aplication */;
			targetProxy = 9D5A14912D9D06D700B0356C /* PBXContainerItemProxy */;
		};
/* End PBXTargetDependency section */

/* Begin PBXVariantGroup section */
		9D5A14792D9D06D500B0356C /* Main.storyboard */ = {
			isa = PBXVariantGroup;
			children = (
				9D5A147A2D9D06D500B0356C /* Base */,
			);
			name = Main.storyboard;
			sourceTree = "<group>";
		};
		9D5A147E2D9D06D700B0356C /* LaunchScreen.storyboard */ = {
			isa = PBXVariantGroup;
			children = (
				9D5A147F2D9D06D700B0356C /* Base */,
			);
			name = LaunchScreen.storyboard;
			sourceTree = "<group>";
		};
/* End PBXVariantGroup section */

/* Begin XCBuildConfiguration section */
		9D5A14982D9D06D700B0356C /* Debug */ = {
			isa = XCBuildConfiguration;
			buildSettings = {
				ALWAYS_SEARCH_USER_PATHS = NO;
				CLANG_ANALYZER_NONNULL = YES;
				CLANG_ANALYZER_NUMBER_OBJECT_CONVERSION = YES_AGGRESSIVE;
				CLANG_CXX_LANGUAGE_STANDARD = "gnu++20";
				CLANG_ENABLE_MODULES = YES;
				CLANG_ENABLE_OBJC_ARC = YES;
				CLANG_ENABLE_OBJC_WEAK = YES;
				CLANG_WARN_BLOCK_CAPTURE_AUTORELEASING = YES;
				CLANG_WARN_BOOL_CONVERSION = YES;
				CLANG_WARN_COMMA = YES;
				CLANG_WARN_CONSTANT_CONVERSION = YES;
				CLANG_WARN_DEPRECATED_OBJC_IMPLEMENTATIONS = YES;
				CLANG_WARN_DIRECT_OBJC_ISA_USAGE = YES_ERROR;
				CLANG_WARN_DOCUMENTATION_COMMENTS = YES;
				CLANG_WARN_EMPTY_BODY = YES;
				CLANG_WARN_ENUM_CONVERSION = YES;
				CLANG_WARN_INFINITE_RECURSION = YES;
				CLANG_WARN_INT_CONVERSION = YES;
				CLANG_WARN_NON_LITERAL_NULL_CONVERSION = YES;
				CLANG_WARN_OBJC_IMPLICIT_RETAIN_SELF = YES;
				CLANG_WARN_OBJC_LITERAL_CONVERSION = YES;
				CLANG_WARN_OBJC_ROOT_CLASS = YES_ERROR;
				CLANG_WARN_QUOTED_INCLUDE_IN_FRAMEWORK_HEADER = YES;
				CLANG_WARN_RANGE_LOOP_ANALYSIS = YES;
				CLANG_WARN_STRICT_PROTOTYPES = YES;
				CLANG_WARN_SUSPICIOUS_MOVE = YES;
				CLANG_WARN_UNGUARDED_AVAILABILITY = YES_AGGRESSIVE;
				CLANG_WARN_UNREACHABLE_CODE = YES;
				CLANG_WARN__DUPLICATE_METHOD_MATCH = YES;
				COPY_PHASE_STRIP = NO;
				DEBUG_INFORMATION_FORMAT = dwarf;
				ENABLE_STRICT_OBJC_MSGSEND = YES;
				ENABLE_TESTABILITY = YES;
				GCC_C_LANGUAGE_STANDARD = gnu11;
				GCC_DYNAMIC_NO_PIC = NO;
				GCC_NO_COMMON_BLOCKS = YES;
				GCC_OPTIMIZATION_LEVEL = 0;
				GCC_PREPROCESSOR_DEFINITIONS = (
					"DEBUG=1",
					"$(inherited)",
				);
				GCC_WARN_64_TO_32_BIT_CONVERSION = YES;
				GCC_WARN_ABOUT_RETURN_TYPE = YES_ERROR;
				GCC_WARN_UNDECLARED_SELECTOR = YES;
				GCC_WARN_UNINITIALIZED_AUTOS = YES_AGGRESSIVE;
				GCC_WARN_UNUSED_FUNCTION = YES;
				GCC_WARN_UNUSED_VARIABLE = YES;
				IPHONEOS_DEPLOYMENT_TARGET = 16.2;
				MTL_ENABLE_DEBUG_INFO = INCLUDE_SOURCE;
				MTL_FAST_MATH = YES;
				ONLY_ACTIVE_ARCH = YES;
				SDKROOT = iphoneos;
				SWIFT_ACTIVE_COMPILATION_CONDITIONS = DEBUG;
				SWIFT_OPTIMIZATION_LEVEL = "-Onone";
			};
			name = Debug;
		};
		9D5A14992D9D06D700B0356C /* Release */ = {
			isa = XCBuildConfiguration;
			buildSettings = {
				ALWAYS_SEARCH_USER_PATHS = NO;
				CLANG_ANALYZER_NONNULL = YES;
				CLANG_ANALYZER_NUMBER_OBJECT_CONVERSION = YES_AGGRESSIVE;
				CLANG_CXX_LANGUAGE_STANDARD = "gnu++20";
				CLANG_ENABLE_MODULES = YES;
				CLANG_ENABLE_OBJC_ARC = YES;
				CLANG_ENABLE_OBJC_WEAK = YES;
				CLANG_WARN_BLOCK_CAPTURE_AUTORELEASING = YES;
				CLANG_WARN_BOOL_CONVERSION = YES;
				CLANG_WARN_COMMA = YES;
				CLANG_WARN_CONSTANT_CONVERSION = YES;
				CLANG_WARN_DEPRECATED_OBJC_IMPLEMENTATIONS = YES;
				CLANG_WARN_DIRECT_OBJC_ISA_USAGE = YES_ERROR;
				CLANG_WARN_DOCUMENTATION_COMMENTS = YES;
				CLANG_WARN_EMPTY_BODY = YES;
				CLANG_WARN_ENUM_CONVERSION = YES;
				CLANG_WARN_INFINITE_RECURSION = YES;
				CLANG_WARN_INT_CONVERSION = YES;
				CLANG_WARN_NON_LITERAL_NULL_CONVERSION = YES;
				CLANG_WARN_OBJC_IMPLICIT_RETAIN_SELF = YES;
				CLANG_WARN_OBJC_LITERAL_CONVERSION = YES;
				CLANG_WARN_OBJC_ROOT_CLASS = YES_ERROR;
				CLANG_WARN_QUOTED_INCLUDE_IN_FRAMEWORK_HEADER = YES;
				CLANG_WARN_RANGE_LOOP_ANALYSIS = YES;
				CLANG_WARN_STRICT_PROTOTYPES = YES;
				CLANG_WARN_SUSPICIOUS_MOVE = YES;
				CLANG_WARN_UNGUARDED_AVAILABILITY = YES_AGGRESSIVE;
				CLANG_WARN_UNREACHABLE_CODE = YES;
				CLANG_WARN__DUPLICATE_METHOD_MATCH = YES;
				COPY_PHASE_STRIP = NO;
				DEBUG_INFORMATION_FORMAT = "dwarf-with-dsym";
				ENABLE_NS_ASSERTIONS = NO;
				ENABLE_STRICT_OBJC_MSGSEND = YES;
				GCC_C_LANGUAGE_STANDARD = gnu11;
				GCC_NO_COMMON_BLOCKS = YES;
				GCC_WARN_64_TO_32_BIT_CONVERSION = YES;
				GCC_WARN_ABOUT_RETURN_TYPE = YES_ERROR;
				GCC_WARN_UNDECLARED_SELECTOR = YES;
				GCC_WARN_UNINITIALIZED_AUTOS = YES_AGGRESSIVE;
				GCC_WARN_UNUSED_FUNCTION = YES;
				GCC_WARN_UNUSED_VARIABLE = YES;
				IPHONEOS_DEPLOYMENT_TARGET = 16.2;
				MTL_ENABLE_DEBUG_INFO = NO;
				MTL_FAST_MATH = YES;
				SDKROOT = iphoneos;
				SWIFT_COMPILATION_MODE = wholemodule;
				SWIFT_OPTIMIZATION_LEVEL = "-O";
				VALIDATE_PRODUCT = YES;
			};
			name = Release;
		};
		9D5A149B2D9D06D700B0356C /* Debug */ = {
			isa = XCBuildConfiguration;
			buildSettings = {
				ASSETCATALOG_COMPILER_APPICON_NAME = AppIcon;
				ASSETCATALOG_COMPILER_GLOBAL_ACCENT_COLOR_NAME = AccentColor;
				CODE_SIGN_STYLE = Automatic;
				CURRENT_PROJECT_VERSION = 1;
				GENERATE_INFOPLIST_FILE = YES;
				INFOPLIST_FILE = "Login Form aplication/Info.plist";
				INFOPLIST_KEY_UIApplicationSupportsIndirectInputEvents = YES;
				INFOPLIST_KEY_UILaunchStoryboardName = LaunchScreen;
				INFOPLIST_KEY_UIMainStoryboardFile = Main;
				INFOPLIST_KEY_UISupportedInterfaceOrientations_iPad = "UIInterfaceOrientationPortrait UIInterfaceOrientationPortraitUpsideDown UIInterfaceOrientationLandscapeLeft UIInterfaceOrientationLandscapeRight";
				INFOPLIST_KEY_UISupportedInterfaceOrientations_iPhone = "UIInterfaceOrientationPortrait UIInterfaceOrientationLandscapeLeft UIInterfaceOrientationLandscapeRight";
				LD_RUNPATH_SEARCH_PATHS = (
					"$(inherited)",
					"@executable_path/Frameworks",
				);
				MARKETING_VERSION = 1.0;
				PRODUCT_BUNDLE_IDENTIFIER = "jspmrscoe.edu.in.Login-Form-aplication";
				PRODUCT_NAME = "$(TARGET_NAME)";
				SWIFT_EMIT_LOC_STRINGS = YES;
				SWIFT_VERSION = 5.0;
				TARGETED_DEVICE_FAMILY = "1,2";
			};
			name = Debug;
		};
		9D5A149C2D9D06D700B0356C /* Release */ = {
			isa = XCBuildConfiguration;
			buildSettings = {
				ASSETCATALOG_COMPILER_APPICON_NAME = AppIcon;
				ASSETCATALOG_COMPILER_GLOBAL_ACCENT_COLOR_NAME = AccentColor;
				CODE_SIGN_STYLE = Automatic;
				CURRENT_PROJECT_VERSION = 1;
				GENERATE_INFOPLIST_FILE = YES;
				INFOPLIST_FILE = "Login Form aplication/Info.plist";
				INFOPLIST_KEY_UIApplicationSupportsIndirectInputEvents = YES;
				INFOPLIST_KEY_UILaunchStoryboardName = LaunchScreen;
				INFOPLIST_KEY_UIMainStoryboardFile = Main;
				INFOPLIST_KEY_UISupportedInterfaceOrientations_iPad = "UIInterfaceOrientationPortrait UIInterfaceOrientationPortraitUpsideDown UIInterfaceOrientationLandscapeLeft UIInterfaceOrientationLandscapeRight";
				INFOPLIST_KEY_UISupportedInterfaceOrientations_iPhone = "UIInterfaceOrientationPortrait UIInterfaceOrientationLandscapeLeft UIInterfaceOrientationLandscapeRight";
				LD_RUNPATH_SEARCH_PATHS = (
					"$(inherited)",
					"@executable_path/Frameworks",
				);
				MARKETING_VERSION = 1.0;
				PRODUCT_BUNDLE_IDENTIFIER = "jspmrscoe.edu.in.Login-Form-aplication";
				PRODUCT_NAME = "$(TARGET_NAME)";
				SWIFT_EMIT_LOC_STRINGS = YES;
				SWIFT_VERSION = 5.0;
				TARGETED_DEVICE_FAMILY = "1,2";
			};
			name = Release;
		};
		9D5A149E2D9D06D700B0356C /* Debug */ = {
			isa = XCBuildConfiguration;
			buildSettings = {
				ALWAYS_EMBED_SWIFT_STANDARD_LIBRARIES = YES;
				BUNDLE_LOADER = "$(TEST_HOST)";
				CODE_SIGN_STYLE = Automatic;
				CURRENT_PROJECT_VERSION = 1;
				GENERATE_INFOPLIST_FILE = YES;
				IPHONEOS_DEPLOYMENT_TARGET = 16.2;
				MARKETING_VERSION = 1.0;
				PRODUCT_BUNDLE_IDENTIFIER = "jspmrscoe.edu.in.Login-Form-aplicationTests";
				PRODUCT_NAME = "$(TARGET_NAME)";
				SWIFT_EMIT_LOC_STRINGS = NO;
				SWIFT_VERSION = 5.0;
				TARGETED_DEVICE_FAMILY = "1,2";
				TEST_HOST = "$(BUILT_PRODUCTS_DIR)/Login Form aplication.app/$(BUNDLE_EXECUTABLE_FOLDER_PATH)/Login Form aplication";
			};
			name = Debug;
		};
		9D5A149F2D9D06D700B0356C /* Release */ = {
			isa = XCBuildConfiguration;
			buildSettings = {
				ALWAYS_EMBED_SWIFT_STANDARD_LIBRARIES = YES;
				BUNDLE_LOADER = "$(TEST_HOST)";
				CODE_SIGN_STYLE = Automatic;
				CURRENT_PROJECT_VERSION = 1;
				GENERATE_INFOPLIST_FILE = YES;
				IPHONEOS_DEPLOYMENT_TARGET = 16.2;
				MARKETING_VERSION = 1.0;
				PRODUCT_BUNDLE_IDENTIFIER = "jspmrscoe.edu.in.Login-Form-aplicationTests";
				PRODUCT_NAME = "$(TARGET_NAME)";
				SWIFT_EMIT_LOC_STRINGS = NO;
				SWIFT_VERSION = 5.0;
				TARGETED_DEVICE_FAMILY = "1,2";
				TEST_HOST = "$(BUILT_PRODUCTS_DIR)/Login Form aplication.app/$(BUNDLE_EXECUTABLE_FOLDER_PATH)/Login Form aplication";
			};
			name = Release;
		};
		9D5A14A12D9D06D700B0356C /* Debug */ = {
			isa = XCBuildConfiguration;
			buildSettings = {
				ALWAYS_EMBED_SWIFT_STANDARD_LIBRARIES = YES;
				CODE_SIGN_STYLE = Automatic;
				CURRENT_PROJECT_VERSION = 1;
				GENERATE_INFOPLIST_FILE = YES;
				MARKETING_VERSION = 1.0;
				PRODUCT_BUNDLE_IDENTIFIER = "jspmrscoe.edu.in.Login-Form-aplicationUITests";
				PRODUCT_NAME = "$(TARGET_NAME)";
				SWIFT_EMIT_LOC_STRINGS = NO;
				SWIFT_VERSION = 5.0;
				TARGETED_DEVICE_FAMILY = "1,2";
				TEST_TARGET_NAME = "Login Form aplication";
			};
			name = Debug;
		};
		9D5A14A22D9D06D700B0356C /* Release */ = {
			isa = XCBuildConfiguration;
			buildSettings = {
				ALWAYS_EMBED_SWIFT_STANDARD_LIBRARIES = YES;
				CODE_SIGN_STYLE = Automatic;
				CURRENT_PROJECT_VERSION = 1;
				GENERATE_INFOPLIST_FILE = YES;
				MARKETING_VERSION = 1.0;
				PRODUCT_BUNDLE_IDENTIFIER = "jspmrscoe.edu.in.Login-Form-aplicationUITests";
				PRODUCT_NAME = "$(TARGET_NAME)";
				SWIFT_EMIT_LOC_STRINGS = NO;
				SWIFT_VERSION = 5.0;
				TARGETED_DEVICE_FAMILY = "1,2";
				TEST_TARGET_NAME = "Login Form aplication";
			};
			name = Release;
		};
/* End XCBuildConfiguration section */

/* Begin XCConfigurationList section */
		9D5A146B2D9D06D500B0356C /* Build configuration list for PBXProject "Login Form aplication" */ = {
			isa = XCConfigurationList;
			buildConfigurations = (
				9D5A14982D9D06D700B0356C /* Debug */,
				9D5A14992D9D06D700B0356C /* Release */,
			);
			defaultConfigurationIsVisible = 0;
			defaultConfigurationName = Release;
		};
		9D5A149A2D9D06D700B0356C /* Build configuration list for PBXNativeTarget "Login Form aplication" */ = {
			isa = XCConfigurationList;
			buildConfigurations = (
				9D5A149B2D9D06D700B0356C /* Debug */,
				9D5A149C2D9D06D700B0356C /* Release */,
			);
			defaultConfigurationIsVisible = 0;
			defaultConfigurationName = Release;
		};
		9D5A149D2D9D06D700B0356C /* Build configuration list for PBXNativeTarget "Login Form aplicationTests" */ = {
			isa = XCConfigurationList;
			buildConfigurations = (
				9D5A149E2D9D06D700B0356C /* Debug */,
				9D5A149F2D9D06D700B0356C /* Release */,
			);
			defaultConfigurationIsVisible = 0;
			defaultConfigurationName = Release;
		};
		9D5A14A02D9D06D700B0356C /* Build configuration list for PBXNativeTarget "Login Form aplicationUITests" */ = {
			isa = XCConfigurationList;
			buildConfigurations = (
				9D5A14A12D9D06D700B0356C /* Debug */,
				9D5A14A22D9D06D700B0356C /* Release */,
			);
			defaultConfigurationIsVisible = 0;
			defaultConfigurationName = Release;
		};
/* End XCConfigurationList section */
	};
	rootObject = 9D5A14682D9D06D500B0356C /* Project object */;
}
